
Microsoft Visual Studio Solution File, Format Version 12.00
# Visual Studio Version 16
VisualStudioVersion = 16.0.31624.102
MinimumVisualStudioVersion = 10.0.40219.1
Project("{FAE04EC0-301F-11D3-BF4B-00C04F79EFBC}") = "Lab_5", "Lab_5\Lab_5.csproj", "{BBCB448F-1384-4CD2-B35E-2D8E52628C0A}"
EndProject
Global
	GlobalSection(SolutionConfigurationPlatforms) = preSolution
		Debug|Any CPU = Debug|Any CPU
		Release|Any CPU = Release|Any CPU
	EndGlobalSection
	GlobalSection(ProjectConfigurationPlatforms) = postSolution
		{BBCB448F-1384-4CD2-B35E-2D8E52628C0A}.Debug|Any CPU.ActiveCfg = Debug|Any CPU
		{BBCB448F-1384-4CD2-B35E-2D8E52628C0A}.Debug|Any CPU.Build.0 = Debug|Any CPU
		{BBCB448F-1384-4CD2-B35E-2D8E52628C0A}.Release|Any CPU.ActiveCfg = Release|Any CPU
		{BBCB448F-1384-4CD2-B35E-2D8E52628C0A}.Release|Any CPU.Build.0 = Release|Any CPU
	EndGlobalSection
	GlobalSection(SolutionProperties) = preSolution
		HideSolutionNode = FALSE
	EndGlobalSection
	GlobalSection(ExtensibilityGlobals) = postSolution
		SolutionGuid = {824943A7-AEDA-40AF-9496-AEC7D058DA8A}
	EndGlobalSection
EndGlobal
